// !$*UTF8*$!
{
	archiveVersion = 1;
	classes = {
	};
	objectVersion = 50;
	objects = {

/* Begin PBXBuildFile section */
		5F796E3B54661393515285BB /* Pods_Starter.framework in Frameworks */ = {isa = PBXBuildFile; fileRef = 5EFC8518423B2E4829355135 /* Pods_Starter.framework */; };
		F562DA3F242293DC0021B422 /* AppDelegate.swift in Sources */ = {isa = PBXBuildFile; fileRef = F562DA3E242293DC0021B422 /* AppDelegate.swift */; };
		F562DA41242293DC0021B422 /* SceneDelegate.swift in Sources */ = {isa = PBXBuildFile; fileRef = F562DA40242293DC0021B422 /* SceneDelegate.swift */; };
		F562DA48242293DE0021B422 /* Assets.xcassets in Resources */ = {isa = PBXBuildFile; fileRef = F562DA47242293DE0021B422 /* Assets.xcassets */; };
		F562DA4B242293DE0021B422 /* LaunchScreen.storyboard in Resources */ = {isa = PBXBuildFile; fileRef = F562DA49242293DE0021B422 /* LaunchScreen.storyboard */; };
		F562DA6A242294410021B422 /* MainVC.swift in Sources */ = {isa = PBXBuildFile; fileRef = F562DA69242294410021B422 /* MainVC.swift */; };
		F562DA7F242294700021B422 /* Main.storyboard in Resources */ = {isa = PBXBuildFile; fileRef = F562DA7E242294700021B422 /* Main.storyboard */; };
		F562DA83242294AF0021B422 /* NameAndFamily.swift in Sources */ = {isa = PBXBuildFile; fileRef = F562DA81242294AF0021B422 /* NameAndFamily.swift */; };
		F562DA86242294EF0021B422 /* Student.swift in Sources */ = {isa = PBXBuildFile; fileRef = F562DA84242294EF0021B422 /* Student.swift */; };
		F562DA87242294EF0021B422 /* TableViewCell.swift in Sources */ = {isa = PBXBuildFile; fileRef = F562DA85242294EF0021B422 /* TableViewCell.swift */; };
/* End PBXBuildFile section */

/* Begin PBXFileReference section */
		20189CE8A62B317F34A5684D /* Pods-Starter.debug.xcconfig */ = {isa = PBXFileReference; includeInIndex = 1; lastKnownFileType = text.xcconfig; name = "Pods-Starter.debug.xcconfig"; path = "Pods/Target Support Files/Pods-Starter/Pods-Starter.debug.xcconfig"; sourceTree = "<group>"; };
		5EFC8518423B2E4829355135 /* Pods_Starter.framework */ = {isa = PBXFileReference; explicitFileType = wrapper.framework; includeInIndex = 0; path = Pods_Starter.framework; sourceTree = BUILT_PRODUCTS_DIR; };
		E48DE9AB1D704445614FF823 /* Pods-Starter.release.xcconfig */ = {isa = PBXFileReference; includeInIndex = 1; lastKnownFileType = text.xcconfig; name = "Pods-Starter.release.xcconfig"; path = "Pods/Target Support Files/Pods-Starter/Pods-Starter.release.xcconfig"; sourceTree = "<group>"; };
		F562DA3B242293DC0021B422 /* Starter.app */ = {isa = PBXFileReference; explicitFileType = wrapper.application; includeInIndex = 0; path = Starter.app; sourceTree = BUILT_PRODUCTS_DIR; };
		F562DA3E242293DC0021B422 /* AppDelegate.swift */ = {isa = PBXFileReference; lastKnownFileType = sourcecode.swift; path = AppDelegate.swift; sourceTree = "<group>"; };
		F562DA40242293DC0021B422 /* SceneDelegate.swift */ = {isa = PBXFileReference; lastKnownFileType = sourcecode.swift; path = SceneDelegate.swift; sourceTree = "<group>"; };
		F562DA47242293DE0021B422 /* Assets.xcassets */ = {isa = PBXFileReference; lastKnownFileType = folder.assetcatalog; path = Assets.xcassets; sourceTree = "<group>"; };
		F562DA4A242293DE0021B422 /* Base */ = {isa = PBXFileReference; lastKnownFileType = file.storyboard; name = Base; path = Base.lproj/LaunchScreen.storyboard; sourceTree = "<group>"; };
		F562DA4C242293DE0021B422 /* Info.plist */ = {isa = PBXFileReference; lastKnownFileType = text.plist.xml; path = Info.plist; sourceTree = "<group>"; };
		F562DA69242294410021B422 /* MainVC.swift */ = {isa = PBXFileReference; fileEncoding = 4; lastKnownFileType = sourcecode.swift; path = MainVC.swift; sourceTree = "<group>"; };
		F562DA7E242294700021B422 /* Main.storyboard */ = {isa = PBXFileReference; fileEncoding = 4; lastKnownFileType = file.storyboard; path = Main.storyboard; sourceTree = "<group>"; };
		F562DA81242294AF0021B422 /* NameAndFamily.swift */ = {isa = PBXFileReference; fileEncoding = 4; lastKnownFileType = sourcecode.swift; path = NameAndFamily.swift; sourceTree = "<group>"; };
		F562DA84242294EF0021B422 /* Student.swift */ = {isa = PBXFileReference; fileEncoding = 4; lastKnownFileType = sourcecode.swift; path = Student.swift; sourceTree = "<group>"; };
		F562DA85242294EF0021B422 /* TableViewCell.swift */ = {isa = PBXFileReference; fileEncoding = 4; lastKnownFileType = sourcecode.swift; path = TableViewCell.swift; sourceTree = "<group>"; };
/* End PBXFileReference section */

/* Begin PBXFrameworksBuildPhase section */
		F562DA38242293DB0021B422 /* Frameworks */ = {
			isa = PBXFrameworksBuildPhase;
			buildActionMask = 2147483647;
			files = (
				5F796E3B54661393515285BB /* Pods_Starter.framework in Frameworks */,
			);
			runOnlyForDeploymentPostprocessing = 0;
		};
/* End PBXFrameworksBuildPhase section */

/* Begin PBXGroup section */
		7AAB2E078A10BE4CA312E771 /* Frameworks */ = {
			isa = PBXGroup;
			children = (
				5EFC8518423B2E4829355135 /* Pods_Starter.framework */,
			);
			name = Frameworks;
			sourceTree = "<group>";
		};
		EF03A1547909F458CD3E44AA /* Pods */ = {
			isa = PBXGroup;
			children = (
				20189CE8A62B317F34A5684D /* Pods-Starter.debug.xcconfig */,
				E48DE9AB1D704445614FF823 /* Pods-Starter.release.xcconfig */,
			);
			name = Pods;
			sourceTree = "<group>";
		};
		F562DA32242293DB0021B422 = {
			isa = PBXGroup;
			children = (
				F562DA3D242293DC0021B422 /* Starter */,
				F562DA3C242293DC0021B422 /* Products */,
				EF03A1547909F458CD3E44AA /* Pods */,
				7AAB2E078A10BE4CA312E771 /* Frameworks */,
			);
			sourceTree = "<group>";
		};
		F562DA3C242293DC0021B422 /* Products */ = {
			isa = PBXGroup;
			children = (
				F562DA3B242293DC0021B422 /* Starter.app */,
			);
			name = Products;
			sourceTree = "<group>";
		};
		F562DA3D242293DC0021B422 /* Starter */ = {
			isa = PBXGroup;
			children = (
				F562DA3E242293DC0021B422 /* AppDelegate.swift */,
				F562DA40242293DC0021B422 /* SceneDelegate.swift */,
				F562DA69242294410021B422 /* MainVC.swift */,
				F562DA81242294AF0021B422 /* NameAndFamily.swift */,
				F562DA84242294EF0021B422 /* Student.swift */,
				F562DA85242294EF0021B422 /* TableViewCell.swift */,
				F562DA7E242294700021B422 /* Main.storyboard */,
				F562DA47242293DE0021B422 /* Assets.xcassets */,
				F562DA49242293DE0021B422 /* LaunchScreen.storyboard */,
				F562DA4C242293DE0021B422 /* Info.plist */,
			);
			path = Starter;
			sourceTree = "<group>";
		};
/* End PBXGroup section */

/* Begin PBXNativeTarget section */
		F562DA3A242293DB0021B422 /* Starter */ = {
			isa = PBXNativeTarget;
			buildConfigurationList = F562DA4F242293DE0021B422 /* Build configuration list for PBXNativeTarget "Starter" */;
			buildPhases = (
				49F17743E81534E3732D7E8F /* [CP] Check Pods Manifest.lock */,
				F562DA37242293DB0021B422 /* Sources */,
				F562DA38242293DB0021B422 /* Frameworks */,
				F562DA39242293DB0021B422 /* Resources */,
				B5E6D1A12FD2C008A62490D0 /* [CP] Embed Pods Frameworks */,
			);
			buildRules = (
			);
			dependencies = (
			);
			name = Starter;
			productName = ListAndRequest;
			productReference = F562DA3B242293DC0021B422 /* Starter.app */;
			productType = "com.apple.product-type.application";
		};
/* End PBXNativeTarget section */

/* Begin PBXProject section */
		F562DA33242293DB0021B422 /* Project object */ = {
			isa = PBXProject;
			attributes = {
				LastSwiftUpdateCheck = 1130;
				LastUpgradeCheck = 1130;
				ORGANIZATIONNAME = reza;
				TargetAttributes = {
					F562DA3A242293DB0021B422 = {
						CreatedOnToolsVersion = 11.3.1;
					};
				};
			};
			buildConfigurationList = F562DA36242293DB0021B422 /* Build configuration list for PBXProject "Starter" */;
			compatibilityVersion = "Xcode 9.3";
			developmentRegion = en;
			hasScannedForEncodings = 0;
			knownRegions = (
				en,
				Base,
			);
			mainGroup = F562DA32242293DB0021B422;
			productRefGroup = F562DA3C242293DC0021B422 /* Products */;
			projectDirPath = "";
			projectRoot = "";
			targets = (
				F562DA3A242293DB0021B422 /* Starter */,
			);
		};
/* End PBXProject section */

/* Begin PBXResourcesBuildPhase section */
		F562DA39242293DB0021B422 /* Resources */ = {
			isa = PBXResourcesBuildPhase;
			buildActionMask = 2147483647;
			files = (
				F562DA7F242294700021B422 /* Main.storyboard in Resources */,
				F562DA4B242293DE0021B422 /* LaunchScreen.storyboard in Resources */,
				F562DA48242293DE0021B422 /* Assets.xcassets in Resources */,
			);
			runOnlyForDeploymentPostprocessing = 0;
		};
/* End PBXResourcesBuildPhase section */

/* Begin PBXShellScriptBuildPhase section */
		49F17743E81534E3732D7E8F /* [CP] Check Pods Manifest.lock */ = {
			isa = PBXShellScriptBuildPhase;
			buildActionMask = 2147483647;
			files = (
			);
			inputPaths = (
				"${PODS_PODFILE_DIR_PATH}/Podfile.lock",
				"${PODS_ROOT}/Manifest.lock",
			);
			name = "[CP] Check Pods Manifest.lock";
			outputPaths = (
				"$(DERIVED_FILE_DIR)/Pods-Starter-checkManifestLockResult.txt",
			);
			runOnlyForDeploymentPostprocessing = 0;
			shellPath = /bin/sh;
			shellScript = "diff \"${PODS_PODFILE_DIR_PATH}/Podfile.lock\" \"${PODS_ROOT}/Manifest.lock\" > /dev/null\nif [ $? != 0 ] ; then\n    # print error to STDERR\n    echo \"error: The sandbox is not in sync with the Podfile.lock. Run 'pod install' or update your CocoaPods installation.\" >&2\n    exit 1\nfi\n# This output is used by Xcode 'outputs' to avoid re-running this script phase.\necho \"SUCCESS\" > \"${SCRIPT_OUTPUT_FILE_0}\"\n";
			showEnvVarsInLog = 0;
		};
		B5E6D1A12FD2C008A62490D0 /* [CP] Embed Pods Frameworks */ = {
			isa = PBXShellScriptBuildPhase;
			buildActionMask = 2147483647;
			files = (
			);
			inputPaths = (
				"${SRCROOT}/Pods/Target Support Files/Pods-Starter/Pods-Starter-frameworks.sh",
				"${BUILT_PRODUCTS_DIR}/Alamofire/Alamofire.framework",
				"${BUILT_PRODUCTS_DIR}/SwiftyJSON/SwiftyJSON.framework",
			);
			name = "[CP] Embed Pods Frameworks";
			outputPaths = (
				"${TARGET_BUILD_DIR}/${FRAMEWORKS_FOLDER_PATH}/Alamofire.framework",
				"${TARGET_BUILD_DIR}/${FRAMEWORKS_FOLDER_PATH}/SwiftyJSON.framework",
			);
			runOnlyForDeploymentPostprocessing = 0;
			shellPath = /bin/sh;
			shellScript = "\"${SRCROOT}/Pods/Target Support Files/Pods-Starter/Pods-Starter-frameworks.sh\"\n";
			showEnvVarsInLog = 0;
		};
/* End PBXShellScriptBuildPhase section */

/* Begin PBXSourcesBuildPhase section */
		F562DA37242293DB0021B422 /* Sources */ = {
			isa = PBXSourcesBuildPhase;
			buildActionMask = 2147483647;
			files = (
				F562DA86242294EF0021B422 /* Student.swift in Sources */,
				F562DA6A242294410021B422 /* MainVC.swift in Sources */,
				F562DA3F242293DC0021B422 /* AppDelegate.swift in Sources */,
				F562DA83242294AF0021B422 /* NameAndFamily.swift in Sources */,
				F562DA87242294EF0021B422 /* TableViewCell.swift in Sources */,
				F562DA41242293DC0021B422 /* SceneDelegate.swift in Sources */,
			);
			runOnlyForDeploymentPostprocessing = 0;
		};
/* End PBXSourcesBuildPhase section */

/* Begin PBXVariantGroup section */
		F562DA49242293DE0021B422 /* LaunchScreen.storyboard */ = {
			isa = PBXVariantGroup;
			children = (
				F562DA4A242293DE0021B422 /* Base */,
			);
			name = LaunchScreen.storyboard;
			sourceTree = "<group>";
		};
/* End PBXVariantGroup section */

/* Begin XCBuildConfiguration section */
		F562DA4D242293DE0021B422 /* Debug */ = {
			isa = XCBuildConfiguration;
			buildSettings = {
				ALWAYS_SEARCH_USER_PATHS = NO;
				CLANG_ANALYZER_NONNULL = YES;
				CLANG_ANALYZER_NUMBER_OBJECT_CONVERSION = YES_AGGRESSIVE;
				CLANG_CXX_LANGUAGE_STANDARD = "gnu++14";
				CLANG_CXX_LIBRARY = "libc++";
				CLANG_ENABLE_MODULES = YES;
				CLANG_ENABLE_OBJC_ARC = YES;
				CLANG_ENABLE_OBJC_WEAK = YES;
				CLANG_WARN_BLOCK_CAPTURE_AUTORELEASING = YES;
				CLANG_WARN_BOOL_CONVERSION = YES;
				CLANG_WARN_COMMA = YES;
				CLANG_WARN_CONSTANT_CONVERSION = YES;
				CLANG_WARN_DEPRECATED_OBJC_IMPLEMENTATIONS = YES;
				CLANG_WARN_DIRECT_OBJC_ISA_USAGE = YES_ERROR;
				CLANG_WARN_DOCUMENTATION_COMMENTS = YES;
				CLANG_WARN_EMPTY_BODY = YES;
				CLANG_WARN_ENUM_CONVERSION = YES;
				CLANG_WARN_INFINITE_RECURSION = YES;
				CLANG_WARN_INT_CONVERSION = YES;
				CLANG_WARN_NON_LITERAL_NULL_CONVERSION = YES;
				CLANG_WARN_OBJC_IMPLICIT_RETAIN_SELF = YES;
				CLANG_WARN_OBJC_LITERAL_CONVERSION = YES;
				CLANG_WARN_OBJC_ROOT_CLASS = YES_ERROR;
				CLANG_WARN_RANGE_LOOP_ANALYSIS = YES;
				CLANG_WARN_STRICT_PROTOTYPES = YES;
				CLANG_WARN_SUSPICIOUS_MOVE = YES;
				CLANG_WARN_UNGUARDED_AVAILABILITY = YES_AGGRESSIVE;
				CLANG_WARN_UNREACHABLE_CODE = YES;
				CLANG_WARN__DUPLICATE_METHOD_MATCH = YES;
				COPY_PHASE_STRIP = NO;
				DEBUG_INFORMATION_FORMAT = dwarf;
				ENABLE_STRICT_OBJC_MSGSEND = YES;
				ENABLE_TESTABILITY = YES;
				GCC_C_LANGUAGE_STANDARD = gnu11;
				GCC_DYNAMIC_NO_PIC = NO;
				GCC_NO_COMMON_BLOCKS = YES;
				GCC_OPTIMIZATION_LEVEL = 0;
				GCC_PREPROCESSOR_DEFINITIONS = (
					"DEBUG=1",
					"$(inherited)",
				);
				GCC_WARN_64_TO_32_BIT_CONVERSION = YES;
				GCC_WARN_ABOUT_RETURN_TYPE = YES_ERROR;
				GCC_WARN_UNDECLARED_SELECTOR = YES;
				GCC_WARN_UNINITIALIZED_AUTOS = YES_AGGRESSIVE;
				GCC_WARN_UNUSED_FUNCTION = YES;
				GCC_WARN_UNUSED_VARIABLE = YES;
				IPHONEOS_DEPLOYMENT_TARGET = 13.2;
				MTL_ENABLE_DEBUG_INFO = INCLUDE_SOURCE;
				MTL_FAST_MATH = YES;
				ONLY_ACTIVE_ARCH = YES;
				SDKROOT = iphoneos;
				SWIFT_ACTIVE_COMPILATION_CONDITIONS = DEBUG;
				SWIFT_OPTIMIZATION_LEVEL = "-Onone";
			};
			name = Debug;
		};
		F562DA4E242293DE0021B422 /* Release */ = {
			isa = XCBuildConfiguration;
			buildSettings = {
				ALWAYS_SEARCH_USER_PATHS = NO;
				CLANG_ANALYZER_NONNULL = YES;
				CLANG_ANALYZER_NUMBER_OBJECT_CONVERSION = YES_AGGRESSIVE;
				CLANG_CXX_LANGUAGE_STANDARD = "gnu++14";
				CLANG_CXX_LIBRARY = "libc++";
				CLANG_ENABLE_MODULES = YES;
				CLANG_ENABLE_OBJC_ARC = YES;
				CLANG_ENABLE_OBJC_WEAK = YES;
				CLANG_WARN_BLOCK_CAPTURE_AUTORELEASING = YES;
				CLANG_WARN_BOOL_CONVERSION = YES;
				CLANG_WARN_COMMA = YES;
				CLANG_WARN_CONSTANT_CONVERSION = YES;
				CLANG_WARN_DEPRECATED_OBJC_IMPLEMENTATIONS = YES;
				CLANG_WARN_DIRECT_OBJC_ISA_USAGE = YES_ERROR;
				CLANG_WARN_DOCUMENTATION_COMMENTS = YES;
				CLANG_WARN_EMPTY_BODY = YES;
				CLANG_WARN_ENUM_CONVERSION = YES;
				CLANG_WARN_INFINITE_RECURSION = YES;
				CLANG_WARN_INT_CONVERSION = YES;
				CLANG_WARN_NON_LITERAL_NULL_CONVERSION = YES;
				CLANG_WARN_OBJC_IMPLICIT_RETAIN_SELF = YES;
				CLANG_WARN_OBJC_LITERAL_CONVERSION = YES;
				CLANG_WARN_OBJC_ROOT_CLASS = YES_ERROR;
				CLANG_WARN_RANGE_LOOP_ANALYSIS = YES;
				CLANG_WARN_STRICT_PROTOTYPES = YES;
				CLANG_WARN_SUSPICIOUS_MOVE = YES;
				CLANG_WARN_UNGUARDED_AVAILABILITY = YES_AGGRESSIVE;
				CLANG_WARN_UNREACHABLE_CODE = YES;
				CLANG_WARN__DUPLICATE_METHOD_MATCH = YES;
				COPY_PHASE_STRIP = NO;
				DEBUG_INFORMATION_FORMAT = "dwarf-with-dsym";
				ENABLE_NS_ASSERTIONS = NO;
				ENABLE_STRICT_OBJC_MSGSEND = YES;
				GCC_C_LANGUAGE_STANDARD = gnu11;
				GCC_NO_COMMON_BLOCKS = YES;
				GCC_WARN_64_TO_32_BIT_CONVERSION = YES;
				GCC_WARN_ABOUT_RETURN_TYPE = YES_ERROR;
				GCC_WARN_UNDECLARED_SELECTOR = YES;
				GCC_WARN_UNINITIALIZED_AUTOS = YES_AGGRESSIVE;
				GCC_WARN_UNUSED_FUNCTION = YES;
				GCC_WARN_UNUSED_VARIABLE = YES;
				IPHONEOS_DEPLOYMENT_TARGET = 13.2;
				MTL_ENABLE_DEBUG_INFO = NO;
				MTL_FAST_MATH = YES;
				SDKROOT = iphoneos;
				SWIFT_COMPILATION_MODE = wholemodule;
				SWIFT_OPTIMIZATION_LEVEL = "-O";
				VALIDATE_PRODUCT = YES;
			};
			name = Release;
		};
		F562DA50242293DE0021B422 /* Debug */ = {
			isa = XCBuildConfiguration;
			baseConfigurationReference = 20189CE8A62B317F34A5684D /* Pods-Starter.debug.xcconfig */;
			buildSettings = {
				ASSETCATALOG_COMPILER_APPICON_NAME = AppIcon;
				CODE_SIGN_STYLE = Automatic;
				CURRENT_PROJECT_VERSION = 1;
				DEVELOPMENT_TEAM = SWYCC37G8N;
				INFOPLIST_FILE = "$(SRCROOT)/Starter/Info.plist";
				LD_RUNPATH_SEARCH_PATHS = (
					"$(inherited)",
					"@executable_path/Frameworks",
				);
				MARKETING_VERSION = 1.0;
				PRODUCT_BUNDLE_IDENTIFIER = com.jazhnaneh.starter;
				PRODUCT_NAME = Starter;
				SWIFT_VERSION = 5.0;
				TARGETED_DEVICE_FAMILY = "1,2";
			};
			name = Debug;
		};
		F562DA51242293DE0021B422 /* Release */ = {
			isa = XCBuildConfiguration;
			baseConfigurationReference = E48DE9AB1D704445614FF823 /* Pods-Starter.release.xcconfig */;
			buildSettings = {
				ASSETCATALOG_COMPILER_APPICON_NAME = AppIcon;
				CODE_SIGN_STYLE = Automatic;
				CURRENT_PROJECT_VERSION = 1;
				DEVELOPMENT_TEAM = SWYCC37G8N;
				INFOPLIST_FILE = "$(SRCROOT)/Starter/Info.plist";
				LD_RUNPATH_SEARCH_PATHS = (
					"$(inherited)",
					"@executable_path/Frameworks",
				);
				MARKETING_VERSION = 1.0;
				PRODUCT_BUNDLE_IDENTIFIER = com.jazhnaneh.starter;
				PRODUCT_NAME = Starter;
				SWIFT_VERSION = 5.0;
				TARGETED_DEVICE_FAMILY = "1,2";
			};
			name = Release;
		};
/* End XCBuildConfiguration section */

/* Begin XCConfigurationList section */
		F562DA36242293DB0021B422 /* Build configuration list for PBXProject "Starter" */ = {
			isa = XCConfigurationList;
			buildConfigurations = (
				F562DA4D242293DE0021B422 /* Debug */,
				F562DA4E242293DE0021B422 /* Release */,
			);
			defaultConfigurationIsVisible = 0;
			defaultConfigurationName = Release;
		};
		F562DA4F242293DE0021B422 /* Build configuration list for PBXNativeTarget "Starter" */ = {
			isa = XCConfigurationList;
			buildConfigurations = (
				F562DA50242293DE0021B422 /* Debug */,
				F562DA51242293DE0021B422 /* Release */,
			);
			defaultConfigurationIsVisible = 0;
			defaultConfigurationName = Release;
		};
/* End XCConfigurationList section */
	};
	rootObject = F562DA33242293DB0021B422 /* Project object */;
}
